<?xml version="1.0" encoding="UTF-8"?>
<Project ToolsVersion="12.0" xmlns="http://schemas.microsoft.com/developer/msbuild/2003">
  <ItemGroup>
    <ClCompile Include="C:\Users\freecomp1\Desktop\cmakefile ggenerate\glfw-3.1.2\glfw-3.1.2\examples\heightmap.c">
      <Filter>Source Files</Filter>
    </ClCompile>
    <ClCompile Include="C:\Users\freecomp1\Desktop\cmakefile ggenerate\glfw-3.1.2\glfw-3.1.2\deps\glad.c">
      <Filter>Source Files</Filter>
    </ClCompile>
  </ItemGroup>
  <ItemGroup>
    <ClInclude Include="C:\Users\freecomp1\Desktop\cmakefile ggenerate\glfw-3.1.2\glfw-3.1.2\deps\glad\glad.h">
      <Filter>Header Files</Filter>
    </ClInclude>
  </ItemGroup>
  <ItemGroup>
    <CustomBuild Include="C:\Users\freecomp1\Desktop\cmakefile ggenerate\glfw-3.1.2\glfw-3.1.2\examples\CMakeLists.txt" />
  </ItemGroup>
  <ItemGroup>
    <Filter Include="Source Files">
      <UniqueIdentifier>{7AE73AAE-E6F2-385F-8B66-E74DFF559703}</UniqueIdentifier>
    </Filter>
    <Filter Include="Header Files">
      <UniqueIdentifier>{52A435A1-9B77-3FF5-A188-58B03A829765}</UniqueIdentifier>
    </Filter>
  </ItemGroup>
</Project>
