Microsoft Visual Studio Solution File, Format Version 12.00
# Visual Studio 2013
Project("{8BC9CEB8-8B4A-11D0-8D11-00A0C91BC942}") = "ALL_BUILD", "ALL_BUILD.vcxproj", "{65778036-9F16-3408-BA4C-C33018612569}"
	ProjectSection(ProjectDependencies) = postProject
		{969D4AFF-AC45-3329-BC58-731966272734} = {969D4AFF-AC45-3329-BC58-731966272734}
		{FBA12427-92FE-3C42-9B51-671236069ABD} = {FBA12427-92FE-3C42-9B51-671236069ABD}
		{078DE7A4-D184-3671-B65E-3725079D22FE} = {078DE7A4-D184-3671-B65E-3725079D22FE}
		{6BB30D76-A0B3-39B9-8E90-D04593D480ED} = {6BB30D76-A0B3-39B9-8E90-D04593D480ED}
		{ABCD5820-C602-3113-A09D-D4288A62FFB0} = {ABCD5820-C602-3113-A09D-D4288A62FFB0}
		{72A82F7C-3CC3-3769-9B10-B012ABC54B74} = {72A82F7C-3CC3-3769-9B10-B012ABC54B74}
		{BC8C8AA3-63A4-3FCC-8846-CB2FC3DAB00C} = {BC8C8AA3-63A4-3FCC-8846-CB2FC3DAB00C}
	EndProjectSection
EndProject
Project("{8BC9CEB8-8B4A-11D0-8D11-00A0C91BC942}") = "INSTALL", "INSTALL.vcxproj", "{EFA8213A-324E-3876-9F32-BD9D816479F8}"
	ProjectSection(ProjectDependencies) = postProject
		{65778036-9F16-3408-BA4C-C33018612569} = {65778036-9F16-3408-BA4C-C33018612569}
	EndProjectSection
EndProject
Project("{8BC9CEB8-8B4A-11D0-8D11-00A0C91BC942}") = "ZERO_CHECK", "ZERO_CHECK.vcxproj", "{969D4AFF-AC45-3329-BC58-731966272734}"
	ProjectSection(ProjectDependencies) = postProject
	EndProjectSection
EndProject
Project("{8BC9CEB8-8B4A-11D0-8D11-00A0C91BC942}") = "glew", "glew.vcxproj", "{FBA12427-92FE-3C42-9B51-671236069ABD}"
	ProjectSection(ProjectDependencies) = postProject
		{969D4AFF-AC45-3329-BC58-731966272734} = {969D4AFF-AC45-3329-BC58-731966272734}
	EndProjectSection
EndProject
Project("{8BC9CEB8-8B4A-11D0-8D11-00A0C91BC942}") = "glew_s", "glew_s.vcxproj", "{078DE7A4-D184-3671-B65E-3725079D22FE}"
	ProjectSection(ProjectDependencies) = postProject
		{969D4AFF-AC45-3329-BC58-731966272734} = {969D4AFF-AC45-3329-BC58-731966272734}
	EndProjectSection
EndProject
Project("{8BC9CEB8-8B4A-11D0-8D11-00A0C91BC942}") = "glewinfo", "glewinfo.vcxproj", "{6BB30D76-A0B3-39B9-8E90-D04593D480ED}"
	ProjectSection(ProjectDependencies) = postProject
		{969D4AFF-AC45-3329-BC58-731966272734} = {969D4AFF-AC45-3329-BC58-731966272734}
		{FBA12427-92FE-3C42-9B51-671236069ABD} = {FBA12427-92FE-3C42-9B51-671236069ABD}
	EndProjectSection
EndProject
Project("{8BC9CEB8-8B4A-11D0-8D11-00A0C91BC942}") = "glewmx", "glewmx.vcxproj", "{ABCD5820-C602-3113-A09D-D4288A62FFB0}"
	ProjectSection(ProjectDependencies) = postProject
		{969D4AFF-AC45-3329-BC58-731966272734} = {969D4AFF-AC45-3329-BC58-731966272734}
	EndProjectSection
EndProject
Project("{8BC9CEB8-8B4A-11D0-8D11-00A0C91BC942}") = "glewmx_s", "glewmx_s.vcxproj", "{72A82F7C-3CC3-3769-9B10-B012ABC54B74}"
	ProjectSection(ProjectDependencies) = postProject
		{969D4AFF-AC45-3329-BC58-731966272734} = {969D4AFF-AC45-3329-BC58-731966272734}
	EndProjectSection
EndProject
Project("{8BC9CEB8-8B4A-11D0-8D11-00A0C91BC942}") = "visualinfo", "visualinfo.vcxproj", "{BC8C8AA3-63A4-3FCC-8846-CB2FC3DAB00C}"
	ProjectSection(ProjectDependencies) = postProject
		{969D4AFF-AC45-3329-BC58-731966272734} = {969D4AFF-AC45-3329-BC58-731966272734}
		{FBA12427-92FE-3C42-9B51-671236069ABD} = {FBA12427-92FE-3C42-9B51-671236069ABD}
	EndProjectSection
EndProject
Global
	GlobalSection(SolutionConfigurationPlatforms) = preSolution
		Debug|Win32 = Debug|Win32
		Release|Win32 = Release|Win32
		MinSizeRel|Win32 = MinSizeRel|Win32
		RelWithDebInfo|Win32 = RelWithDebInfo|Win32
	EndGlobalSection
	GlobalSection(ProjectConfigurationPlatforms) = postSolution
		{65778036-9F16-3408-BA4C-C33018612569}.Debug|Win32.ActiveCfg = Debug|Win32
		{65778036-9F16-3408-BA4C-C33018612569}.Debug|Win32.Build.0 = Debug|Win32
		{65778036-9F16-3408-BA4C-C33018612569}.Release|Win32.ActiveCfg = Release|Win32
		{65778036-9F16-3408-BA4C-C33018612569}.Release|Win32.Build.0 = Release|Win32
		{65778036-9F16-3408-BA4C-C33018612569}.MinSizeRel|Win32.ActiveCfg = MinSizeRel|Win32
		{65778036-9F16-3408-BA4C-C33018612569}.MinSizeRel|Win32.Build.0 = MinSizeRel|Win32
		{65778036-9F16-3408-BA4C-C33018612569}.RelWithDebInfo|Win32.ActiveCfg = RelWithDebInfo|Win32
		{65778036-9F16-3408-BA4C-C33018612569}.RelWithDebInfo|Win32.Build.0 = RelWithDebInfo|Win32
		{EFA8213A-324E-3876-9F32-BD9D816479F8}.Debug|Win32.ActiveCfg = Debug|Win32
		{EFA8213A-324E-3876-9F32-BD9D816479F8}.Release|Win32.ActiveCfg = Release|Win32
		{EFA8213A-324E-3876-9F32-BD9D816479F8}.MinSizeRel|Win32.ActiveCfg = MinSizeRel|Win32
		{EFA8213A-324E-3876-9F32-BD9D816479F8}.RelWithDebInfo|Win32.ActiveCfg = RelWithDebInfo|Win32
		{969D4AFF-AC45-3329-BC58-731966272734}.Debug|Win32.ActiveCfg = Debug|Win32
		{969D4AFF-AC45-3329-BC58-731966272734}.Debug|Win32.Build.0 = Debug|Win32
		{969D4AFF-AC45-3329-BC58-731966272734}.Release|Win32.ActiveCfg = Release|Win32
		{969D4AFF-AC45-3329-BC58-731966272734}.Release|Win32.Build.0 = Release|Win32
		{969D4AFF-AC45-3329-BC58-731966272734}.MinSizeRel|Win32.ActiveCfg = MinSizeRel|Win32
		{969D4AFF-AC45-3329-BC58-731966272734}.MinSizeRel|Win32.Build.0 = MinSizeRel|Win32
		{969D4AFF-AC45-3329-BC58-731966272734}.RelWithDebInfo|Win32.ActiveCfg = RelWithDebInfo|Win32
		{969D4AFF-AC45-3329-BC58-731966272734}.RelWithDebInfo|Win32.Build.0 = RelWithDebInfo|Win32
		{FBA12427-92FE-3C42-9B51-671236069ABD}.Debug|Win32.ActiveCfg = Debug|Win32
		{FBA12427-92FE-3C42-9B51-671236069ABD}.Debug|Win32.Build.0 = Debug|Win32
		{FBA12427-92FE-3C42-9B51-671236069ABD}.Release|Win32.ActiveCfg = Release|Win32
		{FBA12427-92FE-3C42-9B51-671236069ABD}.Release|Win32.Build.0 = Release|Win32
		{FBA12427-92FE-3C42-9B51-671236069ABD}.MinSizeRel|Win32.ActiveCfg = MinSizeRel|Win32
		{FBA12427-92FE-3C42-9B51-671236069ABD}.MinSizeRel|Win32.Build.0 = MinSizeRel|Win32
		{FBA12427-92FE-3C42-9B51-671236069ABD}.RelWithDebInfo|Win32.ActiveCfg = RelWithDebInfo|Win32
		{FBA12427-92FE-3C42-9B51-671236069ABD}.RelWithDebInfo|Win32.Build.0 = RelWithDebInfo|Win32
		{078DE7A4-D184-3671-B65E-3725079D22FE}.Debug|Win32.ActiveCfg = Debug|Win32
		{078DE7A4-D184-3671-B65E-3725079D22FE}.Debug|Win32.Build.0 = Debug|Win32
		{078DE7A4-D184-3671-B65E-3725079D22FE}.Release|Win32.ActiveCfg = Release|Win32
		{078DE7A4-D184-3671-B65E-3725079D22FE}.Release|Win32.Build.0 = Release|Win32
		{078DE7A4-D184-3671-B65E-3725079D22FE}.MinSizeRel|Win32.ActiveCfg = MinSizeRel|Win32
		{078DE7A4-D184-3671-B65E-3725079D22FE}.MinSizeRel|Win32.Build.0 = MinSizeRel|Win32
		{078DE7A4-D184-3671-B65E-3725079D22FE}.RelWithDebInfo|Win32.ActiveCfg = RelWithDebInfo|Win32
		{078DE7A4-D184-3671-B65E-3725079D22FE}.RelWithDebInfo|Win32.Build.0 = RelWithDebInfo|Win32
		{6BB30D76-A0B3-39B9-8E90-D04593D480ED}.Debug|Win32.ActiveCfg = Debug|Win32
		{6BB30D76-A0B3-39B9-8E90-D04593D480ED}.Debug|Win32.Build.0 = Debug|Win32
		{6BB30D76-A0B3-39B9-8E90-D04593D480ED}.Release|Win32.ActiveCfg = Release|Win32
		{6BB30D76-A0B3-39B9-8E90-D04593D480ED}.Release|Win32.Build.0 = Release|Win32
		{6BB30D76-A0B3-39B9-8E90-D04593D480ED}.MinSizeRel|Win32.ActiveCfg = MinSizeRel|Win32
		{6BB30D76-A0B3-39B9-8E90-D04593D480ED}.MinSizeRel|Win32.Build.0 = MinSizeRel|Win32
		{6BB30D76-A0B3-39B9-8E90-D04593D480ED}.RelWithDebInfo|Win32.ActiveCfg = RelWithDebInfo|Win32
		{6BB30D76-A0B3-39B9-8E90-D04593D480ED}.RelWithDebInfo|Win32.Build.0 = RelWithDebInfo|Win32
		{ABCD5820-C602-3113-A09D-D4288A62FFB0}.Debug|Win32.ActiveCfg = Debug|Win32
		{ABCD5820-C602-3113-A09D-D4288A62FFB0}.Debug|Win32.Build.0 = Debug|Win32
		{ABCD5820-C602-3113-A09D-D4288A62FFB0}.Release|Win32.ActiveCfg = Release|Win32
		{ABCD5820-C602-3113-A09D-D4288A62FFB0}.Release|Win32.Build.0 = Release|Win32
		{ABCD5820-C602-3113-A09D-D4288A62FFB0}.MinSizeRel|Win32.ActiveCfg = MinSizeRel|Win32
		{ABCD5820-C602-3113-A09D-D4288A62FFB0}.MinSizeRel|Win32.Build.0 = MinSizeRel|Win32
		{ABCD5820-C602-3113-A09D-D4288A62FFB0}.RelWithDebInfo|Win32.ActiveCfg = RelWithDebInfo|Win32
		{ABCD5820-C602-3113-A09D-D4288A62FFB0}.RelWithDebInfo|Win32.Build.0 = RelWithDebInfo|Win32
		{72A82F7C-3CC3-3769-9B10-B012ABC54B74}.Debug|Win32.ActiveCfg = Debug|Win32
		{72A82F7C-3CC3-3769-9B10-B012ABC54B74}.Debug|Win32.Build.0 = Debug|Win32
		{72A82F7C-3CC3-3769-9B10-B012ABC54B74}.Release|Win32.ActiveCfg = Release|Win32
		{72A82F7C-3CC3-3769-9B10-B012ABC54B74}.Release|Win32.Build.0 = Release|Win32
		{72A82F7C-3CC3-3769-9B10-B012ABC54B74}.MinSizeRel|Win32.ActiveCfg = MinSizeRel|Win32
		{72A82F7C-3CC3-3769-9B10-B012ABC54B74}.MinSizeRel|Win32.Build.0 = MinSizeRel|Win32
		{72A82F7C-3CC3-3769-9B10-B012ABC54B74}.RelWithDebInfo|Win32.ActiveCfg = RelWithDebInfo|Win32
		{72A82F7C-3CC3-3769-9B10-B012ABC54B74}.RelWithDebInfo|Win32.Build.0 = RelWithDebInfo|Win32
		{BC8C8AA3-63A4-3FCC-8846-CB2FC3DAB00C}.Debug|Win32.ActiveCfg = Debug|Win32
		{BC8C8AA3-63A4-3FCC-8846-CB2FC3DAB00C}.Debug|Win32.Build.0 = Debug|Win32
		{BC8C8AA3-63A4-3FCC-8846-CB2FC3DAB00C}.Release|Win32.ActiveCfg = Release|Win32
		{BC8C8AA3-63A4-3FCC-8846-CB2FC3DAB00C}.Release|Win32.Build.0 = Release|Win32
		{BC8C8AA3-63A4-3FCC-8846-CB2FC3DAB00C}.MinSizeRel|Win32.ActiveCfg = MinSizeRel|Win32
		{BC8C8AA3-63A4-3FCC-8846-CB2FC3DAB00C}.MinSizeRel|Win32.Build.0 = MinSizeRel|Win32
		{BC8C8AA3-63A4-3FCC-8846-CB2FC3DAB00C}.RelWithDebInfo|Win32.ActiveCfg = RelWithDebInfo|Win32
		{BC8C8AA3-63A4-3FCC-8846-CB2FC3DAB00C}.RelWithDebInfo|Win32.Build.0 = RelWithDebInfo|Win32
	EndGlobalSection
	GlobalSection(ExtensibilityGlobals) = postSolution
	EndGlobalSection
	GlobalSection(ExtensibilityAddIns) = postSolution
	EndGlobalSection
EndGlobal
