<?xml version="1.0" encoding="UTF-8"?>
<Project ToolsVersion="12.0" xmlns="http://schemas.microsoft.com/developer/msbuild/2003">
  <ItemGroup>
    <ClCompile Include="E:\Programming\OpenGl\my projects\ApplicationOfflineProjetcReturnFromZero\AlBannaDesigner\CMakeFiles\glew\glew-1.13.0\glew-1.13.0\src\glew.c">
      <Filter>Source Files</Filter>
    </ClCompile>
  </ItemGroup>
  <ItemGroup>
    <CustomBuild Include="E:\Programming\OpenGl\my projects\ApplicationOfflineProjetcReturnFromZero\AlBannaDesigner\CMakeFiles\glew\glew-1.13.0\glew-1.13.0\build\cmake\CMakeLists.txt" />
  </ItemGroup>
  <ItemGroup>
    <Filter Include="Source Files">
      <UniqueIdentifier>{F4D658BD-2129-3FB7-877A-D930B949A596}</UniqueIdentifier>
    </Filter>
  </ItemGroup>
</Project>
