Microsoft Visual Studio Solution File, Format Version 12.00
# Visual Studio 2013
Project("{8BC9CEB8-8B4A-11D0-8D11-00A0C91BC942}") = "ALL_BUILD", "ALL_BUILD.vcxproj", "{866A4129-9530-35EA-B171-3706EC845448}"
	ProjectSection(ProjectDependencies) = postProject
		{7157B5AE-6E3C-3014-BDC8-82DA6E42F529} = {7157B5AE-6E3C-3014-BDC8-82DA6E42F529}
		{F6ABC721-B33C-3EE3-9B76-AEFD4D5E7964} = {F6ABC721-B33C-3EE3-9B76-AEFD4D5E7964}
		{552FC719-7820-32DA-AB1F-DA10D5A51B61} = {552FC719-7820-32DA-AB1F-DA10D5A51B61}
		{CA23B4FB-3814-3E5C-9B46-48187A13CCFD} = {CA23B4FB-3814-3E5C-9B46-48187A13CCFD}
		{6B4AB6E9-D082-313F-B8F8-B4E260A5F535} = {6B4AB6E9-D082-313F-B8F8-B4E260A5F535}
		{BCBCD1DA-AB7E-3571-ADA6-AD5A9A49F7EA} = {BCBCD1DA-AB7E-3571-ADA6-AD5A9A49F7EA}
		{05F774B2-B97C-3EFF-BDBE-D874629E51EE} = {05F774B2-B97C-3EFF-BDBE-D874629E51EE}
		{2921D651-2F13-36FE-8504-0675C772EA3D} = {2921D651-2F13-36FE-8504-0675C772EA3D}
		{6CA974A5-82DF-3A6C-98E2-A5ACF9EDE0BE} = {6CA974A5-82DF-3A6C-98E2-A5ACF9EDE0BE}
		{726425C1-7C24-3885-B555-1426A888EADE} = {726425C1-7C24-3885-B555-1426A888EADE}
		{A843DCBB-AC9D-3179-93A1-0EECEFE920AA} = {A843DCBB-AC9D-3179-93A1-0EECEFE920AA}
		{CCDE95F7-08ED-3B72-B1D9-14F5438ABC57} = {CCDE95F7-08ED-3B72-B1D9-14F5438ABC57}
		{BBD20FED-200D-3CED-B06D-DC7917065848} = {BBD20FED-200D-3CED-B06D-DC7917065848}
		{77B948A0-8A71-3BEE-B52C-D889B634AFD1} = {77B948A0-8A71-3BEE-B52C-D889B634AFD1}
		{AE103CE8-749F-333F-8E4B-BB6C2F01C10D} = {AE103CE8-749F-333F-8E4B-BB6C2F01C10D}
		{E41DCE4A-3CBC-399A-8F63-98BDB362B3FE} = {E41DCE4A-3CBC-399A-8F63-98BDB362B3FE}
		{25FDBCC3-AF68-3F3D-A3C5-FE287A429A27} = {25FDBCC3-AF68-3F3D-A3C5-FE287A429A27}
		{76D2C88F-7413-30BA-887E-60457E5B7031} = {76D2C88F-7413-30BA-887E-60457E5B7031}
		{943E9B7B-D770-387E-90EF-B8F9C28BD75D} = {943E9B7B-D770-387E-90EF-B8F9C28BD75D}
		{C69AC1F3-5FC1-35F8-A96D-191BFE52F53B} = {C69AC1F3-5FC1-35F8-A96D-191BFE52F53B}
		{C0A5B9EC-92E5-34E8-9A53-8D188334DF3B} = {C0A5B9EC-92E5-34E8-9A53-8D188334DF3B}
		{F2EA018D-8F7F-32E6-9CAF-D68A50268005} = {F2EA018D-8F7F-32E6-9CAF-D68A50268005}
		{93C97E74-9CF8-3164-B4EB-8B80D8AFA801} = {93C97E74-9CF8-3164-B4EB-8B80D8AFA801}
		{E2AB3B60-1211-3CDF-B9A6-6FAC542F288A} = {E2AB3B60-1211-3CDF-B9A6-6FAC542F288A}
		{5D171E75-6B0D-3EF3-A766-ADF1A5C9CC0D} = {5D171E75-6B0D-3EF3-A766-ADF1A5C9CC0D}
	EndProjectSection
EndProject
Project("{8BC9CEB8-8B4A-11D0-8D11-00A0C91BC942}") = "INSTALL", "INSTALL.vcxproj", "{05CCB771-29E2-32C4-AEC8-5ABA23398BA6}"
	ProjectSection(ProjectDependencies) = postProject
		{866A4129-9530-35EA-B171-3706EC845448} = {866A4129-9530-35EA-B171-3706EC845448}
	EndProjectSection
EndProject
Project("{8BC9CEB8-8B4A-11D0-8D11-00A0C91BC942}") = "ZERO_CHECK", "ZERO_CHECK.vcxproj", "{7157B5AE-6E3C-3014-BDC8-82DA6E42F529}"
	ProjectSection(ProjectDependencies) = postProject
	EndProjectSection
EndProject
Project("{8BC9CEB8-8B4A-11D0-8D11-00A0C91BC942}") = "boing", "examples\boing.vcxproj", "{F6ABC721-B33C-3EE3-9B76-AEFD4D5E7964}"
	ProjectSection(ProjectDependencies) = postProject
		{7157B5AE-6E3C-3014-BDC8-82DA6E42F529} = {7157B5AE-6E3C-3014-BDC8-82DA6E42F529}
		{6CA974A5-82DF-3A6C-98E2-A5ACF9EDE0BE} = {6CA974A5-82DF-3A6C-98E2-A5ACF9EDE0BE}
	EndProjectSection
EndProject
Project("{8BC9CEB8-8B4A-11D0-8D11-00A0C91BC942}") = "clipboard", "tests\clipboard.vcxproj", "{552FC719-7820-32DA-AB1F-DA10D5A51B61}"
	ProjectSection(ProjectDependencies) = postProject
		{7157B5AE-6E3C-3014-BDC8-82DA6E42F529} = {7157B5AE-6E3C-3014-BDC8-82DA6E42F529}
		{6CA974A5-82DF-3A6C-98E2-A5ACF9EDE0BE} = {6CA974A5-82DF-3A6C-98E2-A5ACF9EDE0BE}
	EndProjectSection
EndProject
Project("{8BC9CEB8-8B4A-11D0-8D11-00A0C91BC942}") = "cursor", "tests\cursor.vcxproj", "{CA23B4FB-3814-3E5C-9B46-48187A13CCFD}"
	ProjectSection(ProjectDependencies) = postProject
		{7157B5AE-6E3C-3014-BDC8-82DA6E42F529} = {7157B5AE-6E3C-3014-BDC8-82DA6E42F529}
		{6CA974A5-82DF-3A6C-98E2-A5ACF9EDE0BE} = {6CA974A5-82DF-3A6C-98E2-A5ACF9EDE0BE}
	EndProjectSection
EndProject
Project("{8BC9CEB8-8B4A-11D0-8D11-00A0C91BC942}") = "empty", "tests\empty.vcxproj", "{6B4AB6E9-D082-313F-B8F8-B4E260A5F535}"
	ProjectSection(ProjectDependencies) = postProject
		{7157B5AE-6E3C-3014-BDC8-82DA6E42F529} = {7157B5AE-6E3C-3014-BDC8-82DA6E42F529}
		{6CA974A5-82DF-3A6C-98E2-A5ACF9EDE0BE} = {6CA974A5-82DF-3A6C-98E2-A5ACF9EDE0BE}
	EndProjectSection
EndProject
Project("{8BC9CEB8-8B4A-11D0-8D11-00A0C91BC942}") = "events", "tests\events.vcxproj", "{BCBCD1DA-AB7E-3571-ADA6-AD5A9A49F7EA}"
	ProjectSection(ProjectDependencies) = postProject
		{7157B5AE-6E3C-3014-BDC8-82DA6E42F529} = {7157B5AE-6E3C-3014-BDC8-82DA6E42F529}
		{6CA974A5-82DF-3A6C-98E2-A5ACF9EDE0BE} = {6CA974A5-82DF-3A6C-98E2-A5ACF9EDE0BE}
	EndProjectSection
EndProject
Project("{8BC9CEB8-8B4A-11D0-8D11-00A0C91BC942}") = "gamma", "tests\gamma.vcxproj", "{05F774B2-B97C-3EFF-BDBE-D874629E51EE}"
	ProjectSection(ProjectDependencies) = postProject
		{7157B5AE-6E3C-3014-BDC8-82DA6E42F529} = {7157B5AE-6E3C-3014-BDC8-82DA6E42F529}
		{6CA974A5-82DF-3A6C-98E2-A5ACF9EDE0BE} = {6CA974A5-82DF-3A6C-98E2-A5ACF9EDE0BE}
	EndProjectSection
EndProject
Project("{8BC9CEB8-8B4A-11D0-8D11-00A0C91BC942}") = "gears", "examples\gears.vcxproj", "{2921D651-2F13-36FE-8504-0675C772EA3D}"
	ProjectSection(ProjectDependencies) = postProject
		{7157B5AE-6E3C-3014-BDC8-82DA6E42F529} = {7157B5AE-6E3C-3014-BDC8-82DA6E42F529}
		{6CA974A5-82DF-3A6C-98E2-A5ACF9EDE0BE} = {6CA974A5-82DF-3A6C-98E2-A5ACF9EDE0BE}
	EndProjectSection
EndProject
Project("{8BC9CEB8-8B4A-11D0-8D11-00A0C91BC942}") = "glfw", "src\glfw.vcxproj", "{6CA974A5-82DF-3A6C-98E2-A5ACF9EDE0BE}"
	ProjectSection(ProjectDependencies) = postProject
		{7157B5AE-6E3C-3014-BDC8-82DA6E42F529} = {7157B5AE-6E3C-3014-BDC8-82DA6E42F529}
	EndProjectSection
EndProject
Project("{8BC9CEB8-8B4A-11D0-8D11-00A0C91BC942}") = "glfwinfo", "tests\glfwinfo.vcxproj", "{726425C1-7C24-3885-B555-1426A888EADE}"
	ProjectSection(ProjectDependencies) = postProject
		{7157B5AE-6E3C-3014-BDC8-82DA6E42F529} = {7157B5AE-6E3C-3014-BDC8-82DA6E42F529}
		{6CA974A5-82DF-3A6C-98E2-A5ACF9EDE0BE} = {6CA974A5-82DF-3A6C-98E2-A5ACF9EDE0BE}
	EndProjectSection
EndProject
Project("{8BC9CEB8-8B4A-11D0-8D11-00A0C91BC942}") = "heightmap", "examples\heightmap.vcxproj", "{A843DCBB-AC9D-3179-93A1-0EECEFE920AA}"
	ProjectSection(ProjectDependencies) = postProject
		{7157B5AE-6E3C-3014-BDC8-82DA6E42F529} = {7157B5AE-6E3C-3014-BDC8-82DA6E42F529}
		{6CA974A5-82DF-3A6C-98E2-A5ACF9EDE0BE} = {6CA974A5-82DF-3A6C-98E2-A5ACF9EDE0BE}
	EndProjectSection
EndProject
Project("{8BC9CEB8-8B4A-11D0-8D11-00A0C91BC942}") = "iconify", "tests\iconify.vcxproj", "{CCDE95F7-08ED-3B72-B1D9-14F5438ABC57}"
	ProjectSection(ProjectDependencies) = postProject
		{7157B5AE-6E3C-3014-BDC8-82DA6E42F529} = {7157B5AE-6E3C-3014-BDC8-82DA6E42F529}
		{6CA974A5-82DF-3A6C-98E2-A5ACF9EDE0BE} = {6CA974A5-82DF-3A6C-98E2-A5ACF9EDE0BE}
	EndProjectSection
EndProject
Project("{8BC9CEB8-8B4A-11D0-8D11-00A0C91BC942}") = "joysticks", "tests\joysticks.vcxproj", "{BBD20FED-200D-3CED-B06D-DC7917065848}"
	ProjectSection(ProjectDependencies) = postProject
		{7157B5AE-6E3C-3014-BDC8-82DA6E42F529} = {7157B5AE-6E3C-3014-BDC8-82DA6E42F529}
		{6CA974A5-82DF-3A6C-98E2-A5ACF9EDE0BE} = {6CA974A5-82DF-3A6C-98E2-A5ACF9EDE0BE}
	EndProjectSection
EndProject
Project("{8BC9CEB8-8B4A-11D0-8D11-00A0C91BC942}") = "monitors", "tests\monitors.vcxproj", "{77B948A0-8A71-3BEE-B52C-D889B634AFD1}"
	ProjectSection(ProjectDependencies) = postProject
		{7157B5AE-6E3C-3014-BDC8-82DA6E42F529} = {7157B5AE-6E3C-3014-BDC8-82DA6E42F529}
		{6CA974A5-82DF-3A6C-98E2-A5ACF9EDE0BE} = {6CA974A5-82DF-3A6C-98E2-A5ACF9EDE0BE}
	EndProjectSection
EndProject
Project("{8BC9CEB8-8B4A-11D0-8D11-00A0C91BC942}") = "msaa", "tests\msaa.vcxproj", "{AE103CE8-749F-333F-8E4B-BB6C2F01C10D}"
	ProjectSection(ProjectDependencies) = postProject
		{7157B5AE-6E3C-3014-BDC8-82DA6E42F529} = {7157B5AE-6E3C-3014-BDC8-82DA6E42F529}
		{6CA974A5-82DF-3A6C-98E2-A5ACF9EDE0BE} = {6CA974A5-82DF-3A6C-98E2-A5ACF9EDE0BE}
	EndProjectSection
EndProject
Project("{8BC9CEB8-8B4A-11D0-8D11-00A0C91BC942}") = "particles", "examples\particles.vcxproj", "{E41DCE4A-3CBC-399A-8F63-98BDB362B3FE}"
	ProjectSection(ProjectDependencies) = postProject
		{7157B5AE-6E3C-3014-BDC8-82DA6E42F529} = {7157B5AE-6E3C-3014-BDC8-82DA6E42F529}
		{6CA974A5-82DF-3A6C-98E2-A5ACF9EDE0BE} = {6CA974A5-82DF-3A6C-98E2-A5ACF9EDE0BE}
	EndProjectSection
EndProject
Project("{8BC9CEB8-8B4A-11D0-8D11-00A0C91BC942}") = "reopen", "tests\reopen.vcxproj", "{25FDBCC3-AF68-3F3D-A3C5-FE287A429A27}"
	ProjectSection(ProjectDependencies) = postProject
		{7157B5AE-6E3C-3014-BDC8-82DA6E42F529} = {7157B5AE-6E3C-3014-BDC8-82DA6E42F529}
		{6CA974A5-82DF-3A6C-98E2-A5ACF9EDE0BE} = {6CA974A5-82DF-3A6C-98E2-A5ACF9EDE0BE}
	EndProjectSection
EndProject
Project("{8BC9CEB8-8B4A-11D0-8D11-00A0C91BC942}") = "sharing", "tests\sharing.vcxproj", "{76D2C88F-7413-30BA-887E-60457E5B7031}"
	ProjectSection(ProjectDependencies) = postProject
		{7157B5AE-6E3C-3014-BDC8-82DA6E42F529} = {7157B5AE-6E3C-3014-BDC8-82DA6E42F529}
		{6CA974A5-82DF-3A6C-98E2-A5ACF9EDE0BE} = {6CA974A5-82DF-3A6C-98E2-A5ACF9EDE0BE}
	EndProjectSection
EndProject
Project("{8BC9CEB8-8B4A-11D0-8D11-00A0C91BC942}") = "simple", "examples\simple.vcxproj", "{943E9B7B-D770-387E-90EF-B8F9C28BD75D}"
	ProjectSection(ProjectDependencies) = postProject
		{7157B5AE-6E3C-3014-BDC8-82DA6E42F529} = {7157B5AE-6E3C-3014-BDC8-82DA6E42F529}
		{6CA974A5-82DF-3A6C-98E2-A5ACF9EDE0BE} = {6CA974A5-82DF-3A6C-98E2-A5ACF9EDE0BE}
	EndProjectSection
EndProject
Project("{8BC9CEB8-8B4A-11D0-8D11-00A0C91BC942}") = "splitview", "examples\splitview.vcxproj", "{C69AC1F3-5FC1-35F8-A96D-191BFE52F53B}"
	ProjectSection(ProjectDependencies) = postProject
		{7157B5AE-6E3C-3014-BDC8-82DA6E42F529} = {7157B5AE-6E3C-3014-BDC8-82DA6E42F529}
		{6CA974A5-82DF-3A6C-98E2-A5ACF9EDE0BE} = {6CA974A5-82DF-3A6C-98E2-A5ACF9EDE0BE}
	EndProjectSection
EndProject
Project("{8BC9CEB8-8B4A-11D0-8D11-00A0C91BC942}") = "tearing", "tests\tearing.vcxproj", "{C0A5B9EC-92E5-34E8-9A53-8D188334DF3B}"
	ProjectSection(ProjectDependencies) = postProject
		{7157B5AE-6E3C-3014-BDC8-82DA6E42F529} = {7157B5AE-6E3C-3014-BDC8-82DA6E42F529}
		{6CA974A5-82DF-3A6C-98E2-A5ACF9EDE0BE} = {6CA974A5-82DF-3A6C-98E2-A5ACF9EDE0BE}
	EndProjectSection
EndProject
Project("{8BC9CEB8-8B4A-11D0-8D11-00A0C91BC942}") = "threads", "tests\threads.vcxproj", "{F2EA018D-8F7F-32E6-9CAF-D68A50268005}"
	ProjectSection(ProjectDependencies) = postProject
		{7157B5AE-6E3C-3014-BDC8-82DA6E42F529} = {7157B5AE-6E3C-3014-BDC8-82DA6E42F529}
		{6CA974A5-82DF-3A6C-98E2-A5ACF9EDE0BE} = {6CA974A5-82DF-3A6C-98E2-A5ACF9EDE0BE}
	EndProjectSection
EndProject
Project("{8BC9CEB8-8B4A-11D0-8D11-00A0C91BC942}") = "title", "tests\title.vcxproj", "{93C97E74-9CF8-3164-B4EB-8B80D8AFA801}"
	ProjectSection(ProjectDependencies) = postProject
		{7157B5AE-6E3C-3014-BDC8-82DA6E42F529} = {7157B5AE-6E3C-3014-BDC8-82DA6E42F529}
		{6CA974A5-82DF-3A6C-98E2-A5ACF9EDE0BE} = {6CA974A5-82DF-3A6C-98E2-A5ACF9EDE0BE}
	EndProjectSection
EndProject
Project("{8BC9CEB8-8B4A-11D0-8D11-00A0C91BC942}") = "uninstall", "uninstall.vcxproj", "{8597E313-3C9D-3A9A-AF34-19B4B44ED192}"
	ProjectSection(ProjectDependencies) = postProject
		{7157B5AE-6E3C-3014-BDC8-82DA6E42F529} = {7157B5AE-6E3C-3014-BDC8-82DA6E42F529}
	EndProjectSection
EndProject
Project("{8BC9CEB8-8B4A-11D0-8D11-00A0C91BC942}") = "wave", "examples\wave.vcxproj", "{E2AB3B60-1211-3CDF-B9A6-6FAC542F288A}"
	ProjectSection(ProjectDependencies) = postProject
		{7157B5AE-6E3C-3014-BDC8-82DA6E42F529} = {7157B5AE-6E3C-3014-BDC8-82DA6E42F529}
		{6CA974A5-82DF-3A6C-98E2-A5ACF9EDE0BE} = {6CA974A5-82DF-3A6C-98E2-A5ACF9EDE0BE}
	EndProjectSection
EndProject
Project("{8BC9CEB8-8B4A-11D0-8D11-00A0C91BC942}") = "windows", "tests\windows.vcxproj", "{5D171E75-6B0D-3EF3-A766-ADF1A5C9CC0D}"
	ProjectSection(ProjectDependencies) = postProject
		{7157B5AE-6E3C-3014-BDC8-82DA6E42F529} = {7157B5AE-6E3C-3014-BDC8-82DA6E42F529}
		{6CA974A5-82DF-3A6C-98E2-A5ACF9EDE0BE} = {6CA974A5-82DF-3A6C-98E2-A5ACF9EDE0BE}
	EndProjectSection
EndProject
Project("{2150E333-8FDC-42A3-9474-1A3956D46DE8}") = "CMakePredefinedTargets", "CMakePredefinedTargets", "{1AC9DE39-0356-3F8E-8CF0-23F9FC23AB0E}"
EndProject
Project("{2150E333-8FDC-42A3-9474-1A3956D46DE8}") = "GLFW3", "GLFW3", "{25FA081C-2888-3DC0-980F-EE243B61A0F4}"
EndProject
Project("{2150E333-8FDC-42A3-9474-1A3956D46DE8}") = "Examples", "GLFW3\Examples", "{B10EF113-E1FB-3E25-98E9-E2D02E7D9A76}"
EndProject
Project("{2150E333-8FDC-42A3-9474-1A3956D46DE8}") = "Tests", "GLFW3\Tests", "{3CB23E27-516A-31F0-816A-97C1416486D7}"
EndProject
Global
	GlobalSection(SolutionConfigurationPlatforms) = preSolution
		Debug|Win32 = Debug|Win32
		Release|Win32 = Release|Win32
		MinSizeRel|Win32 = MinSizeRel|Win32
		RelWithDebInfo|Win32 = RelWithDebInfo|Win32
	EndGlobalSection
	GlobalSection(ProjectConfigurationPlatforms) = postSolution
		{866A4129-9530-35EA-B171-3706EC845448}.Debug|Win32.ActiveCfg = Debug|Win32
		{866A4129-9530-35EA-B171-3706EC845448}.Debug|Win32.Build.0 = Debug|Win32
		{866A4129-9530-35EA-B171-3706EC845448}.Release|Win32.ActiveCfg = Release|Win32
		{866A4129-9530-35EA-B171-3706EC845448}.Release|Win32.Build.0 = Release|Win32
		{866A4129-9530-35EA-B171-3706EC845448}.MinSizeRel|Win32.ActiveCfg = MinSizeRel|Win32
		{866A4129-9530-35EA-B171-3706EC845448}.MinSizeRel|Win32.Build.0 = MinSizeRel|Win32
		{866A4129-9530-35EA-B171-3706EC845448}.RelWithDebInfo|Win32.ActiveCfg = RelWithDebInfo|Win32
		{866A4129-9530-35EA-B171-3706EC845448}.RelWithDebInfo|Win32.Build.0 = RelWithDebInfo|Win32
		{05CCB771-29E2-32C4-AEC8-5ABA23398BA6}.Debug|Win32.ActiveCfg = Debug|Win32
		{05CCB771-29E2-32C4-AEC8-5ABA23398BA6}.Release|Win32.ActiveCfg = Release|Win32
		{05CCB771-29E2-32C4-AEC8-5ABA23398BA6}.MinSizeRel|Win32.ActiveCfg = MinSizeRel|Win32
		{05CCB771-29E2-32C4-AEC8-5ABA23398BA6}.RelWithDebInfo|Win32.ActiveCfg = RelWithDebInfo|Win32
		{7157B5AE-6E3C-3014-BDC8-82DA6E42F529}.Debug|Win32.ActiveCfg = Debug|Win32
		{7157B5AE-6E3C-3014-BDC8-82DA6E42F529}.Debug|Win32.Build.0 = Debug|Win32
		{7157B5AE-6E3C-3014-BDC8-82DA6E42F529}.Release|Win32.ActiveCfg = Release|Win32
		{7157B5AE-6E3C-3014-BDC8-82DA6E42F529}.Release|Win32.Build.0 = Release|Win32
		{7157B5AE-6E3C-3014-BDC8-82DA6E42F529}.MinSizeRel|Win32.ActiveCfg = MinSizeRel|Win32
		{7157B5AE-6E3C-3014-BDC8-82DA6E42F529}.MinSizeRel|Win32.Build.0 = MinSizeRel|Win32
		{7157B5AE-6E3C-3014-BDC8-82DA6E42F529}.RelWithDebInfo|Win32.ActiveCfg = RelWithDebInfo|Win32
		{7157B5AE-6E3C-3014-BDC8-82DA6E42F529}.RelWithDebInfo|Win32.Build.0 = RelWithDebInfo|Win32
		{F6ABC721-B33C-3EE3-9B76-AEFD4D5E7964}.Debug|Win32.ActiveCfg = Debug|Win32
		{F6ABC721-B33C-3EE3-9B76-AEFD4D5E7964}.Debug|Win32.Build.0 = Debug|Win32
		{F6ABC721-B33C-3EE3-9B76-AEFD4D5E7964}.Release|Win32.ActiveCfg = Release|Win32
		{F6ABC721-B33C-3EE3-9B76-AEFD4D5E7964}.Release|Win32.Build.0 = Release|Win32
		{F6ABC721-B33C-3EE3-9B76-AEFD4D5E7964}.MinSizeRel|Win32.ActiveCfg = MinSizeRel|Win32
		{F6ABC721-B33C-3EE3-9B76-AEFD4D5E7964}.MinSizeRel|Win32.Build.0 = MinSizeRel|Win32
		{F6ABC721-B33C-3EE3-9B76-AEFD4D5E7964}.RelWithDebInfo|Win32.ActiveCfg = RelWithDebInfo|Win32
		{F6ABC721-B33C-3EE3-9B76-AEFD4D5E7964}.RelWithDebInfo|Win32.Build.0 = RelWithDebInfo|Win32
		{552FC719-7820-32DA-AB1F-DA10D5A51B61}.Debug|Win32.ActiveCfg = Debug|Win32
		{552FC719-7820-32DA-AB1F-DA10D5A51B61}.Debug|Win32.Build.0 = Debug|Win32
		{552FC719-7820-32DA-AB1F-DA10D5A51B61}.Release|Win32.ActiveCfg = Release|Win32
		{552FC719-7820-32DA-AB1F-DA10D5A51B61}.Release|Win32.Build.0 = Release|Win32
		{552FC719-7820-32DA-AB1F-DA10D5A51B61}.MinSizeRel|Win32.ActiveCfg = MinSizeRel|Win32
		{552FC719-7820-32DA-AB1F-DA10D5A51B61}.MinSizeRel|Win32.Build.0 = MinSizeRel|Win32
		{552FC719-7820-32DA-AB1F-DA10D5A51B61}.RelWithDebInfo|Win32.ActiveCfg = RelWithDebInfo|Win32
		{552FC719-7820-32DA-AB1F-DA10D5A51B61}.RelWithDebInfo|Win32.Build.0 = RelWithDebInfo|Win32
		{CA23B4FB-3814-3E5C-9B46-48187A13CCFD}.Debug|Win32.ActiveCfg = Debug|Win32
		{CA23B4FB-3814-3E5C-9B46-48187A13CCFD}.Debug|Win32.Build.0 = Debug|Win32
		{CA23B4FB-3814-3E5C-9B46-48187A13CCFD}.Release|Win32.ActiveCfg = Release|Win32
		{CA23B4FB-3814-3E5C-9B46-48187A13CCFD}.Release|Win32.Build.0 = Release|Win32
		{CA23B4FB-3814-3E5C-9B46-48187A13CCFD}.MinSizeRel|Win32.ActiveCfg = MinSizeRel|Win32
		{CA23B4FB-3814-3E5C-9B46-48187A13CCFD}.MinSizeRel|Win32.Build.0 = MinSizeRel|Win32
		{CA23B4FB-3814-3E5C-9B46-48187A13CCFD}.RelWithDebInfo|Win32.ActiveCfg = RelWithDebInfo|Win32
		{CA23B4FB-3814-3E5C-9B46-48187A13CCFD}.RelWithDebInfo|Win32.Build.0 = RelWithDebInfo|Win32
		{6B4AB6E9-D082-313F-B8F8-B4E260A5F535}.Debug|Win32.ActiveCfg = Debug|Win32
		{6B4AB6E9-D082-313F-B8F8-B4E260A5F535}.Debug|Win32.Build.0 = Debug|Win32
		{6B4AB6E9-D082-313F-B8F8-B4E260A5F535}.Release|Win32.ActiveCfg = Release|Win32
		{6B4AB6E9-D082-313F-B8F8-B4E260A5F535}.Release|Win32.Build.0 = Release|Win32
		{6B4AB6E9-D082-313F-B8F8-B4E260A5F535}.MinSizeRel|Win32.ActiveCfg = MinSizeRel|Win32
		{6B4AB6E9-D082-313F-B8F8-B4E260A5F535}.MinSizeRel|Win32.Build.0 = MinSizeRel|Win32
		{6B4AB6E9-D082-313F-B8F8-B4E260A5F535}.RelWithDebInfo|Win32.ActiveCfg = RelWithDebInfo|Win32
		{6B4AB6E9-D082-313F-B8F8-B4E260A5F535}.RelWithDebInfo|Win32.Build.0 = RelWithDebInfo|Win32
		{BCBCD1DA-AB7E-3571-ADA6-AD5A9A49F7EA}.Debug|Win32.ActiveCfg = Debug|Win32
		{BCBCD1DA-AB7E-3571-ADA6-AD5A9A49F7EA}.Debug|Win32.Build.0 = Debug|Win32
		{BCBCD1DA-AB7E-3571-ADA6-AD5A9A49F7EA}.Release|Win32.ActiveCfg = Release|Win32
		{BCBCD1DA-AB7E-3571-ADA6-AD5A9A49F7EA}.Release|Win32.Build.0 = Release|Win32
		{BCBCD1DA-AB7E-3571-ADA6-AD5A9A49F7EA}.MinSizeRel|Win32.ActiveCfg = MinSizeRel|Win32
		{BCBCD1DA-AB7E-3571-ADA6-AD5A9A49F7EA}.MinSizeRel|Win32.Build.0 = MinSizeRel|Win32
		{BCBCD1DA-AB7E-3571-ADA6-AD5A9A49F7EA}.RelWithDebInfo|Win32.ActiveCfg = RelWithDebInfo|Win32
		{BCBCD1DA-AB7E-3571-ADA6-AD5A9A49F7EA}.RelWithDebInfo|Win32.Build.0 = RelWithDebInfo|Win32
		{05F774B2-B97C-3EFF-BDBE-D874629E51EE}.Debug|Win32.ActiveCfg = Debug|Win32
		{05F774B2-B97C-3EFF-BDBE-D874629E51EE}.Debug|Win32.Build.0 = Debug|Win32
		{05F774B2-B97C-3EFF-BDBE-D874629E51EE}.Release|Win32.ActiveCfg = Release|Win32
		{05F774B2-B97C-3EFF-BDBE-D874629E51EE}.Release|Win32.Build.0 = Release|Win32
		{05F774B2-B97C-3EFF-BDBE-D874629E51EE}.MinSizeRel|Win32.ActiveCfg = MinSizeRel|Win32
		{05F774B2-B97C-3EFF-BDBE-D874629E51EE}.MinSizeRel|Win32.Build.0 = MinSizeRel|Win32
		{05F774B2-B97C-3EFF-BDBE-D874629E51EE}.RelWithDebInfo|Win32.ActiveCfg = RelWithDebInfo|Win32
		{05F774B2-B97C-3EFF-BDBE-D874629E51EE}.RelWithDebInfo|Win32.Build.0 = RelWithDebInfo|Win32
		{2921D651-2F13-36FE-8504-0675C772EA3D}.Debug|Win32.ActiveCfg = Debug|Win32
		{2921D651-2F13-36FE-8504-0675C772EA3D}.Debug|Win32.Build.0 = Debug|Win32
		{2921D651-2F13-36FE-8504-0675C772EA3D}.Release|Win32.ActiveCfg = Release|Win32
		{2921D651-2F13-36FE-8504-0675C772EA3D}.Release|Win32.Build.0 = Release|Win32
		{2921D651-2F13-36FE-8504-0675C772EA3D}.MinSizeRel|Win32.ActiveCfg = MinSizeRel|Win32
		{2921D651-2F13-36FE-8504-0675C772EA3D}.MinSizeRel|Win32.Build.0 = MinSizeRel|Win32
		{2921D651-2F13-36FE-8504-0675C772EA3D}.RelWithDebInfo|Win32.ActiveCfg = RelWithDebInfo|Win32
		{2921D651-2F13-36FE-8504-0675C772EA3D}.RelWithDebInfo|Win32.Build.0 = RelWithDebInfo|Win32
		{6CA974A5-82DF-3A6C-98E2-A5ACF9EDE0BE}.Debug|Win32.ActiveCfg = Debug|Win32
		{6CA974A5-82DF-3A6C-98E2-A5ACF9EDE0BE}.Debug|Win32.Build.0 = Debug|Win32
		{6CA974A5-82DF-3A6C-98E2-A5ACF9EDE0BE}.Release|Win32.ActiveCfg = Release|Win32
		{6CA974A5-82DF-3A6C-98E2-A5ACF9EDE0BE}.Release|Win32.Build.0 = Release|Win32
		{6CA974A5-82DF-3A6C-98E2-A5ACF9EDE0BE}.MinSizeRel|Win32.ActiveCfg = MinSizeRel|Win32
		{6CA974A5-82DF-3A6C-98E2-A5ACF9EDE0BE}.MinSizeRel|Win32.Build.0 = MinSizeRel|Win32
		{6CA974A5-82DF-3A6C-98E2-A5ACF9EDE0BE}.RelWithDebInfo|Win32.ActiveCfg = RelWithDebInfo|Win32
		{6CA974A5-82DF-3A6C-98E2-A5ACF9EDE0BE}.RelWithDebInfo|Win32.Build.0 = RelWithDebInfo|Win32
		{726425C1-7C24-3885-B555-1426A888EADE}.Debug|Win32.ActiveCfg = Debug|Win32
		{726425C1-7C24-3885-B555-1426A888EADE}.Debug|Win32.Build.0 = Debug|Win32
		{726425C1-7C24-3885-B555-1426A888EADE}.Release|Win32.ActiveCfg = Release|Win32
		{726425C1-7C24-3885-B555-1426A888EADE}.Release|Win32.Build.0 = Release|Win32
		{726425C1-7C24-3885-B555-1426A888EADE}.MinSizeRel|Win32.ActiveCfg = MinSizeRel|Win32
		{726425C1-7C24-3885-B555-1426A888EADE}.MinSizeRel|Win32.Build.0 = MinSizeRel|Win32
		{726425C1-7C24-3885-B555-1426A888EADE}.RelWithDebInfo|Win32.ActiveCfg = RelWithDebInfo|Win32
		{726425C1-7C24-3885-B555-1426A888EADE}.RelWithDebInfo|Win32.Build.0 = RelWithDebInfo|Win32
		{A843DCBB-AC9D-3179-93A1-0EECEFE920AA}.Debug|Win32.ActiveCfg = Debug|Win32
		{A843DCBB-AC9D-3179-93A1-0EECEFE920AA}.Debug|Win32.Build.0 = Debug|Win32
		{A843DCBB-AC9D-3179-93A1-0EECEFE920AA}.Release|Win32.ActiveCfg = Release|Win32
		{A843DCBB-AC9D-3179-93A1-0EECEFE920AA}.Release|Win32.Build.0 = Release|Win32
		{A843DCBB-AC9D-3179-93A1-0EECEFE920AA}.MinSizeRel|Win32.ActiveCfg = MinSizeRel|Win32
		{A843DCBB-AC9D-3179-93A1-0EECEFE920AA}.MinSizeRel|Win32.Build.0 = MinSizeRel|Win32
		{A843DCBB-AC9D-3179-93A1-0EECEFE920AA}.RelWithDebInfo|Win32.ActiveCfg = RelWithDebInfo|Win32
		{A843DCBB-AC9D-3179-93A1-0EECEFE920AA}.RelWithDebInfo|Win32.Build.0 = RelWithDebInfo|Win32
		{CCDE95F7-08ED-3B72-B1D9-14F5438ABC57}.Debug|Win32.ActiveCfg = Debug|Win32
		{CCDE95F7-08ED-3B72-B1D9-14F5438ABC57}.Debug|Win32.Build.0 = Debug|Win32
		{CCDE95F7-08ED-3B72-B1D9-14F5438ABC57}.Release|Win32.ActiveCfg = Release|Win32
		{CCDE95F7-08ED-3B72-B1D9-14F5438ABC57}.Release|Win32.Build.0 = Release|Win32
		{CCDE95F7-08ED-3B72-B1D9-14F5438ABC57}.MinSizeRel|Win32.ActiveCfg = MinSizeRel|Win32
		{CCDE95F7-08ED-3B72-B1D9-14F5438ABC57}.MinSizeRel|Win32.Build.0 = MinSizeRel|Win32
		{CCDE95F7-08ED-3B72-B1D9-14F5438ABC57}.RelWithDebInfo|Win32.ActiveCfg = RelWithDebInfo|Win32
		{CCDE95F7-08ED-3B72-B1D9-14F5438ABC57}.RelWithDebInfo|Win32.Build.0 = RelWithDebInfo|Win32
		{BBD20FED-200D-3CED-B06D-DC7917065848}.Debug|Win32.ActiveCfg = Debug|Win32
		{BBD20FED-200D-3CED-B06D-DC7917065848}.Debug|Win32.Build.0 = Debug|Win32
		{BBD20FED-200D-3CED-B06D-DC7917065848}.Release|Win32.ActiveCfg = Release|Win32
		{BBD20FED-200D-3CED-B06D-DC7917065848}.Release|Win32.Build.0 = Release|Win32
		{BBD20FED-200D-3CED-B06D-DC7917065848}.MinSizeRel|Win32.ActiveCfg = MinSizeRel|Win32
		{BBD20FED-200D-3CED-B06D-DC7917065848}.MinSizeRel|Win32.Build.0 = MinSizeRel|Win32
		{BBD20FED-200D-3CED-B06D-DC7917065848}.RelWithDebInfo|Win32.ActiveCfg = RelWithDebInfo|Win32
		{BBD20FED-200D-3CED-B06D-DC7917065848}.RelWithDebInfo|Win32.Build.0 = RelWithDebInfo|Win32
		{77B948A0-8A71-3BEE-B52C-D889B634AFD1}.Debug|Win32.ActiveCfg = Debug|Win32
		{77B948A0-8A71-3BEE-B52C-D889B634AFD1}.Debug|Win32.Build.0 = Debug|Win32
		{77B948A0-8A71-3BEE-B52C-D889B634AFD1}.Release|Win32.ActiveCfg = Release|Win32
		{77B948A0-8A71-3BEE-B52C-D889B634AFD1}.Release|Win32.Build.0 = Release|Win32
		{77B948A0-8A71-3BEE-B52C-D889B634AFD1}.MinSizeRel|Win32.ActiveCfg = MinSizeRel|Win32
		{77B948A0-8A71-3BEE-B52C-D889B634AFD1}.MinSizeRel|Win32.Build.0 = MinSizeRel|Win32
		{77B948A0-8A71-3BEE-B52C-D889B634AFD1}.RelWithDebInfo|Win32.ActiveCfg = RelWithDebInfo|Win32
		{77B948A0-8A71-3BEE-B52C-D889B634AFD1}.RelWithDebInfo|Win32.Build.0 = RelWithDebInfo|Win32
		{AE103CE8-749F-333F-8E4B-BB6C2F01C10D}.Debug|Win32.ActiveCfg = Debug|Win32
		{AE103CE8-749F-333F-8E4B-BB6C2F01C10D}.Debug|Win32.Build.0 = Debug|Win32
		{AE103CE8-749F-333F-8E4B-BB6C2F01C10D}.Release|Win32.ActiveCfg = Release|Win32
		{AE103CE8-749F-333F-8E4B-BB6C2F01C10D}.Release|Win32.Build.0 = Release|Win32
		{AE103CE8-749F-333F-8E4B-BB6C2F01C10D}.MinSizeRel|Win32.ActiveCfg = MinSizeRel|Win32
		{AE103CE8-749F-333F-8E4B-BB6C2F01C10D}.MinSizeRel|Win32.Build.0 = MinSizeRel|Win32
		{AE103CE8-749F-333F-8E4B-BB6C2F01C10D}.RelWithDebInfo|Win32.ActiveCfg = RelWithDebInfo|Win32
		{AE103CE8-749F-333F-8E4B-BB6C2F01C10D}.RelWithDebInfo|Win32.Build.0 = RelWithDebInfo|Win32
		{E41DCE4A-3CBC-399A-8F63-98BDB362B3FE}.Debug|Win32.ActiveCfg = Debug|Win32
		{E41DCE4A-3CBC-399A-8F63-98BDB362B3FE}.Debug|Win32.Build.0 = Debug|Win32
		{E41DCE4A-3CBC-399A-8F63-98BDB362B3FE}.Release|Win32.ActiveCfg = Release|Win32
		{E41DCE4A-3CBC-399A-8F63-98BDB362B3FE}.Release|Win32.Build.0 = Release|Win32
		{E41DCE4A-3CBC-399A-8F63-98BDB362B3FE}.MinSizeRel|Win32.ActiveCfg = MinSizeRel|Win32
		{E41DCE4A-3CBC-399A-8F63-98BDB362B3FE}.MinSizeRel|Win32.Build.0 = MinSizeRel|Win32
		{E41DCE4A-3CBC-399A-8F63-98BDB362B3FE}.RelWithDebInfo|Win32.ActiveCfg = RelWithDebInfo|Win32
		{E41DCE4A-3CBC-399A-8F63-98BDB362B3FE}.RelWithDebInfo|Win32.Build.0 = RelWithDebInfo|Win32
		{25FDBCC3-AF68-3F3D-A3C5-FE287A429A27}.Debug|Win32.ActiveCfg = Debug|Win32
		{25FDBCC3-AF68-3F3D-A3C5-FE287A429A27}.Debug|Win32.Build.0 = Debug|Win32
		{25FDBCC3-AF68-3F3D-A3C5-FE287A429A27}.Release|Win32.ActiveCfg = Release|Win32
		{25FDBCC3-AF68-3F3D-A3C5-FE287A429A27}.Release|Win32.Build.0 = Release|Win32
		{25FDBCC3-AF68-3F3D-A3C5-FE287A429A27}.MinSizeRel|Win32.ActiveCfg = MinSizeRel|Win32
		{25FDBCC3-AF68-3F3D-A3C5-FE287A429A27}.MinSizeRel|Win32.Build.0 = MinSizeRel|Win32
		{25FDBCC3-AF68-3F3D-A3C5-FE287A429A27}.RelWithDebInfo|Win32.ActiveCfg = RelWithDebInfo|Win32
		{25FDBCC3-AF68-3F3D-A3C5-FE287A429A27}.RelWithDebInfo|Win32.Build.0 = RelWithDebInfo|Win32
		{76D2C88F-7413-30BA-887E-60457E5B7031}.Debug|Win32.ActiveCfg = Debug|Win32
		{76D2C88F-7413-30BA-887E-60457E5B7031}.Debug|Win32.Build.0 = Debug|Win32
		{76D2C88F-7413-30BA-887E-60457E5B7031}.Release|Win32.ActiveCfg = Release|Win32
		{76D2C88F-7413-30BA-887E-60457E5B7031}.Release|Win32.Build.0 = Release|Win32
		{76D2C88F-7413-30BA-887E-60457E5B7031}.MinSizeRel|Win32.ActiveCfg = MinSizeRel|Win32
		{76D2C88F-7413-30BA-887E-60457E5B7031}.MinSizeRel|Win32.Build.0 = MinSizeRel|Win32
		{76D2C88F-7413-30BA-887E-60457E5B7031}.RelWithDebInfo|Win32.ActiveCfg = RelWithDebInfo|Win32
		{76D2C88F-7413-30BA-887E-60457E5B7031}.RelWithDebInfo|Win32.Build.0 = RelWithDebInfo|Win32
		{943E9B7B-D770-387E-90EF-B8F9C28BD75D}.Debug|Win32.ActiveCfg = Debug|Win32
		{943E9B7B-D770-387E-90EF-B8F9C28BD75D}.Debug|Win32.Build.0 = Debug|Win32
		{943E9B7B-D770-387E-90EF-B8F9C28BD75D}.Release|Win32.ActiveCfg = Release|Win32
		{943E9B7B-D770-387E-90EF-B8F9C28BD75D}.Release|Win32.Build.0 = Release|Win32
		{943E9B7B-D770-387E-90EF-B8F9C28BD75D}.MinSizeRel|Win32.ActiveCfg = MinSizeRel|Win32
		{943E9B7B-D770-387E-90EF-B8F9C28BD75D}.MinSizeRel|Win32.Build.0 = MinSizeRel|Win32
		{943E9B7B-D770-387E-90EF-B8F9C28BD75D}.RelWithDebInfo|Win32.ActiveCfg = RelWithDebInfo|Win32
		{943E9B7B-D770-387E-90EF-B8F9C28BD75D}.RelWithDebInfo|Win32.Build.0 = RelWithDebInfo|Win32
		{C69AC1F3-5FC1-35F8-A96D-191BFE52F53B}.Debug|Win32.ActiveCfg = Debug|Win32
		{C69AC1F3-5FC1-35F8-A96D-191BFE52F53B}.Debug|Win32.Build.0 = Debug|Win32
		{C69AC1F3-5FC1-35F8-A96D-191BFE52F53B}.Release|Win32.ActiveCfg = Release|Win32
		{C69AC1F3-5FC1-35F8-A96D-191BFE52F53B}.Release|Win32.Build.0 = Release|Win32
		{C69AC1F3-5FC1-35F8-A96D-191BFE52F53B}.MinSizeRel|Win32.ActiveCfg = MinSizeRel|Win32
		{C69AC1F3-5FC1-35F8-A96D-191BFE52F53B}.MinSizeRel|Win32.Build.0 = MinSizeRel|Win32
		{C69AC1F3-5FC1-35F8-A96D-191BFE52F53B}.RelWithDebInfo|Win32.ActiveCfg = RelWithDebInfo|Win32
		{C69AC1F3-5FC1-35F8-A96D-191BFE52F53B}.RelWithDebInfo|Win32.Build.0 = RelWithDebInfo|Win32
		{C0A5B9EC-92E5-34E8-9A53-8D188334DF3B}.Debug|Win32.ActiveCfg = Debug|Win32
		{C0A5B9EC-92E5-34E8-9A53-8D188334DF3B}.Debug|Win32.Build.0 = Debug|Win32
		{C0A5B9EC-92E5-34E8-9A53-8D188334DF3B}.Release|Win32.ActiveCfg = Release|Win32
		{C0A5B9EC-92E5-34E8-9A53-8D188334DF3B}.Release|Win32.Build.0 = Release|Win32
		{C0A5B9EC-92E5-34E8-9A53-8D188334DF3B}.MinSizeRel|Win32.ActiveCfg = MinSizeRel|Win32
		{C0A5B9EC-92E5-34E8-9A53-8D188334DF3B}.MinSizeRel|Win32.Build.0 = MinSizeRel|Win32
		{C0A5B9EC-92E5-34E8-9A53-8D188334DF3B}.RelWithDebInfo|Win32.ActiveCfg = RelWithDebInfo|Win32
		{C0A5B9EC-92E5-34E8-9A53-8D188334DF3B}.RelWithDebInfo|Win32.Build.0 = RelWithDebInfo|Win32
		{F2EA018D-8F7F-32E6-9CAF-D68A50268005}.Debug|Win32.ActiveCfg = Debug|Win32
		{F2EA018D-8F7F-32E6-9CAF-D68A50268005}.Debug|Win32.Build.0 = Debug|Win32
		{F2EA018D-8F7F-32E6-9CAF-D68A50268005}.Release|Win32.ActiveCfg = Release|Win32
		{F2EA018D-8F7F-32E6-9CAF-D68A50268005}.Release|Win32.Build.0 = Release|Win32
		{F2EA018D-8F7F-32E6-9CAF-D68A50268005}.MinSizeRel|Win32.ActiveCfg = MinSizeRel|Win32
		{F2EA018D-8F7F-32E6-9CAF-D68A50268005}.MinSizeRel|Win32.Build.0 = MinSizeRel|Win32
		{F2EA018D-8F7F-32E6-9CAF-D68A50268005}.RelWithDebInfo|Win32.ActiveCfg = RelWithDebInfo|Win32
		{F2EA018D-8F7F-32E6-9CAF-D68A50268005}.RelWithDebInfo|Win32.Build.0 = RelWithDebInfo|Win32
		{93C97E74-9CF8-3164-B4EB-8B80D8AFA801}.Debug|Win32.ActiveCfg = Debug|Win32
		{93C97E74-9CF8-3164-B4EB-8B80D8AFA801}.Debug|Win32.Build.0 = Debug|Win32
		{93C97E74-9CF8-3164-B4EB-8B80D8AFA801}.Release|Win32.ActiveCfg = Release|Win32
		{93C97E74-9CF8-3164-B4EB-8B80D8AFA801}.Release|Win32.Build.0 = Release|Win32
		{93C97E74-9CF8-3164-B4EB-8B80D8AFA801}.MinSizeRel|Win32.ActiveCfg = MinSizeRel|Win32
		{93C97E74-9CF8-3164-B4EB-8B80D8AFA801}.MinSizeRel|Win32.Build.0 = MinSizeRel|Win32
		{93C97E74-9CF8-3164-B4EB-8B80D8AFA801}.RelWithDebInfo|Win32.ActiveCfg = RelWithDebInfo|Win32
		{93C97E74-9CF8-3164-B4EB-8B80D8AFA801}.RelWithDebInfo|Win32.Build.0 = RelWithDebInfo|Win32
		{8597E313-3C9D-3A9A-AF34-19B4B44ED192}.Debug|Win32.ActiveCfg = Debug|Win32
		{8597E313-3C9D-3A9A-AF34-19B4B44ED192}.Release|Win32.ActiveCfg = Release|Win32
		{8597E313-3C9D-3A9A-AF34-19B4B44ED192}.MinSizeRel|Win32.ActiveCfg = MinSizeRel|Win32
		{8597E313-3C9D-3A9A-AF34-19B4B44ED192}.RelWithDebInfo|Win32.ActiveCfg = RelWithDebInfo|Win32
		{E2AB3B60-1211-3CDF-B9A6-6FAC542F288A}.Debug|Win32.ActiveCfg = Debug|Win32
		{E2AB3B60-1211-3CDF-B9A6-6FAC542F288A}.Debug|Win32.Build.0 = Debug|Win32
		{E2AB3B60-1211-3CDF-B9A6-6FAC542F288A}.Release|Win32.ActiveCfg = Release|Win32
		{E2AB3B60-1211-3CDF-B9A6-6FAC542F288A}.Release|Win32.Build.0 = Release|Win32
		{E2AB3B60-1211-3CDF-B9A6-6FAC542F288A}.MinSizeRel|Win32.ActiveCfg = MinSizeRel|Win32
		{E2AB3B60-1211-3CDF-B9A6-6FAC542F288A}.MinSizeRel|Win32.Build.0 = MinSizeRel|Win32
		{E2AB3B60-1211-3CDF-B9A6-6FAC542F288A}.RelWithDebInfo|Win32.ActiveCfg = RelWithDebInfo|Win32
		{E2AB3B60-1211-3CDF-B9A6-6FAC542F288A}.RelWithDebInfo|Win32.Build.0 = RelWithDebInfo|Win32
		{5D171E75-6B0D-3EF3-A766-ADF1A5C9CC0D}.Debug|Win32.ActiveCfg = Debug|Win32
		{5D171E75-6B0D-3EF3-A766-ADF1A5C9CC0D}.Debug|Win32.Build.0 = Debug|Win32
		{5D171E75-6B0D-3EF3-A766-ADF1A5C9CC0D}.Release|Win32.ActiveCfg = Release|Win32
		{5D171E75-6B0D-3EF3-A766-ADF1A5C9CC0D}.Release|Win32.Build.0 = Release|Win32
		{5D171E75-6B0D-3EF3-A766-ADF1A5C9CC0D}.MinSizeRel|Win32.ActiveCfg = MinSizeRel|Win32
		{5D171E75-6B0D-3EF3-A766-ADF1A5C9CC0D}.MinSizeRel|Win32.Build.0 = MinSizeRel|Win32
		{5D171E75-6B0D-3EF3-A766-ADF1A5C9CC0D}.RelWithDebInfo|Win32.ActiveCfg = RelWithDebInfo|Win32
		{5D171E75-6B0D-3EF3-A766-ADF1A5C9CC0D}.RelWithDebInfo|Win32.Build.0 = RelWithDebInfo|Win32
	EndGlobalSection
	GlobalSection(NestedProjects) = preSolution
		{05CCB771-29E2-32C4-AEC8-5ABA23398BA6} = {1AC9DE39-0356-3F8E-8CF0-23F9FC23AB0E}
		{7157B5AE-6E3C-3014-BDC8-82DA6E42F529} = {1AC9DE39-0356-3F8E-8CF0-23F9FC23AB0E}
		{B10EF113-E1FB-3E25-98E9-E2D02E7D9A76} = {25FA081C-2888-3DC0-980F-EE243B61A0F4}
		{3CB23E27-516A-31F0-816A-97C1416486D7} = {25FA081C-2888-3DC0-980F-EE243B61A0F4}
		{6CA974A5-82DF-3A6C-98E2-A5ACF9EDE0BE} = {25FA081C-2888-3DC0-980F-EE243B61A0F4}
		{F6ABC721-B33C-3EE3-9B76-AEFD4D5E7964} = {B10EF113-E1FB-3E25-98E9-E2D02E7D9A76}
		{2921D651-2F13-36FE-8504-0675C772EA3D} = {B10EF113-E1FB-3E25-98E9-E2D02E7D9A76}
		{A843DCBB-AC9D-3179-93A1-0EECEFE920AA} = {B10EF113-E1FB-3E25-98E9-E2D02E7D9A76}
		{E41DCE4A-3CBC-399A-8F63-98BDB362B3FE} = {B10EF113-E1FB-3E25-98E9-E2D02E7D9A76}
		{943E9B7B-D770-387E-90EF-B8F9C28BD75D} = {B10EF113-E1FB-3E25-98E9-E2D02E7D9A76}
		{C69AC1F3-5FC1-35F8-A96D-191BFE52F53B} = {B10EF113-E1FB-3E25-98E9-E2D02E7D9A76}
		{E2AB3B60-1211-3CDF-B9A6-6FAC542F288A} = {B10EF113-E1FB-3E25-98E9-E2D02E7D9A76}
		{552FC719-7820-32DA-AB1F-DA10D5A51B61} = {3CB23E27-516A-31F0-816A-97C1416486D7}
		{CA23B4FB-3814-3E5C-9B46-48187A13CCFD} = {3CB23E27-516A-31F0-816A-97C1416486D7}
		{6B4AB6E9-D082-313F-B8F8-B4E260A5F535} = {3CB23E27-516A-31F0-816A-97C1416486D7}
		{BCBCD1DA-AB7E-3571-ADA6-AD5A9A49F7EA} = {3CB23E27-516A-31F0-816A-97C1416486D7}
		{05F774B2-B97C-3EFF-BDBE-D874629E51EE} = {3CB23E27-516A-31F0-816A-97C1416486D7}
		{726425C1-7C24-3885-B555-1426A888EADE} = {3CB23E27-516A-31F0-816A-97C1416486D7}
		{CCDE95F7-08ED-3B72-B1D9-14F5438ABC57} = {3CB23E27-516A-31F0-816A-97C1416486D7}
		{BBD20FED-200D-3CED-B06D-DC7917065848} = {3CB23E27-516A-31F0-816A-97C1416486D7}
		{77B948A0-8A71-3BEE-B52C-D889B634AFD1} = {3CB23E27-516A-31F0-816A-97C1416486D7}
		{AE103CE8-749F-333F-8E4B-BB6C2F01C10D} = {3CB23E27-516A-31F0-816A-97C1416486D7}
		{25FDBCC3-AF68-3F3D-A3C5-FE287A429A27} = {3CB23E27-516A-31F0-816A-97C1416486D7}
		{76D2C88F-7413-30BA-887E-60457E5B7031} = {3CB23E27-516A-31F0-816A-97C1416486D7}
		{C0A5B9EC-92E5-34E8-9A53-8D188334DF3B} = {3CB23E27-516A-31F0-816A-97C1416486D7}
		{F2EA018D-8F7F-32E6-9CAF-D68A50268005} = {3CB23E27-516A-31F0-816A-97C1416486D7}
		{93C97E74-9CF8-3164-B4EB-8B80D8AFA801} = {3CB23E27-516A-31F0-816A-97C1416486D7}
		{5D171E75-6B0D-3EF3-A766-ADF1A5C9CC0D} = {3CB23E27-516A-31F0-816A-97C1416486D7}
	EndGlobalSection
	GlobalSection(ExtensibilityGlobals) = postSolution
	EndGlobalSection
	GlobalSection(ExtensibilityAddIns) = postSolution
	EndGlobalSection
EndGlobal
